Microsoft Visual Studio Solution File, Format Version 12.00
# Visual Studio 2012
Project("{FAE04EC0-301F-11D3-BF4B-00C04F79EFBC}") = "SVGreColorizer", "SVGreColorizer.csproj", "{597C3A8D-C987-4129-A038-9C8C7D13757B}"
EndProject
Global
	GlobalSection(SolutionConfigurationPlatforms) = preSolution
	Debug|Any CPU = Debug|Any CPU
	ExportDebug|Any CPU = ExportDebug|Any CPU
	ExportRelease|Any CPU = ExportRelease|Any CPU
	EndGlobalSection
	GlobalSection(ProjectConfigurationPlatforms) = postSolution
		{597C3A8D-C987-4129-A038-9C8C7D13757B}.Debug|Any CPU.ActiveCfg = Debug|Any CPU
		{597C3A8D-C987-4129-A038-9C8C7D13757B}.Debug|Any CPU.Build.0 = Debug|Any CPU
		{597C3A8D-C987-4129-A038-9C8C7D13757B}.ExportDebug|Any CPU.ActiveCfg = ExportDebug|Any CPU
		{597C3A8D-C987-4129-A038-9C8C7D13757B}.ExportDebug|Any CPU.Build.0 = ExportDebug|Any CPU
		{597C3A8D-C987-4129-A038-9C8C7D13757B}.ExportRelease|Any CPU.ActiveCfg = ExportRelease|Any CPU
		{597C3A8D-C987-4129-A038-9C8C7D13757B}.ExportRelease|Any CPU.Build.0 = ExportRelease|Any CPU
	EndGlobalSection
EndGlobal
